<?xml version="1.0" encoding="utf-8"?>
<Project ToolsVersion="17.0" xmlns="http://schemas.microsoft.com/developer/msbuild/2003">
  <ItemGroup>
    <ClCompile Include="D:\VSProject\WebKit\Tools\MiniBrowser\win\Common2.cpp">
      <Filter>Source Files</Filter>
    </ClCompile>
    <ClCompile Include="D:\VSProject\WebKit\Tools\MiniBrowser\win\InjectedBundle.cpp">
      <Filter>Source Files</Filter>
    </ClCompile>
  </ItemGroup>
  <ItemGroup>
    <CustomBuild Include="D:\VSProject\WebKit\Tools\MiniBrowser\win\CMakeLists.txt" />
  </ItemGroup>
  <ItemGroup>
    <Filter Include="Source Files">
      <UniqueIdentifier>{00794F56-88F3-3E01-A26A-055917E8DE86}</UniqueIdentifier>
    </Filter>
  </ItemGroup>
</Project>
